{
  "name": "docker-ai-cli-agents",
  "version": "0.1.2",
  "lockfileVersion": 3,
  "requires": true,
  "packages": {
    "": {
      "name": "docker-ai-cli-agents",
      "version": "0.1.2",
      "dependencies": {
        "@anthropic-ai/claude-code": "2.1.210",
        "@ccusage/codex": "19.0.0",
        "@openai/codex": "0.144.4",
        "ccusage": "20.0.17"
      }
    },
    "node_modules/@anthropic-ai/claude-code": {
      "version": "2.1.210",
      "resolved": "https://registry.npmjs.org/@anthropic-ai/claude-code/-/claude-code-2.1.210.tgz",
      "integrity": "sha512-VlV7HSkli4UhlZXF5dWmDolXDz16GJdhgpUbVeXnylRHjr6fDDQtgZhO1X1JAxrQjufqXhOs3o1hveqZjLmjNw==",
      "hasInstallScript": true,
      "license": "SEE LICENSE IN README.md",
      "bin": {
        "claude": "bin/claude.exe"
      },
      "engines": {
        "node": ">=22.0.0"
      },
      "optionalDependencies": {
        "@anthropic-ai/claude-code-darwin-arm64": "2.1.210",
        "@anthropic-ai/claude-code-darwin-x64": "2.1.210",
        "@anthropic-ai/claude-code-linux-arm64": "2.1.210",
        "@anthropic-ai/claude-code-linux-arm64-musl": "2.1.210",
        "@anthropic-ai/claude-code-linux-x64": "2.1.210",
        "@anthropic-ai/claude-code-linux-x64-musl": "2.1.210",
        "@anthropic-ai/claude-code-win32-arm64": "2.1.210",
        "@anthropic-ai/claude-code-win32-x64": "2.1.210"
      }
    },
    "node_modules/@anthropic-ai/claude-code-darwin-arm64": {
      "version": "2.1.210",
      "resolved": "https://registry.npmjs.org/@anthropic-ai/claude-code-darwin-arm64/-/claude-code-darwin-arm64-2.1.210.tgz",
      "integrity": "sha512-Bah0gEfrgKGzZWHieE37+MZNKlCDZ/OSGbD5PLecsJP0ulNoFJoGojWQGs4+fWjcO+LFVIBFJenLqaS1whMJxw==",
      "cpu": [
        "arm64"
      ],
      "license": "SEE LICENSE IN LICENSE.md",
      "optional": true,
      "os": [
        "darwin"
      ]
    },
    "node_modules/@anthropic-ai/claude-code-darwin-x64": {
      "version": "2.1.210",
      "resolved": "https://registry.npmjs.org/@anthropic-ai/claude-code-darwin-x64/-/claude-code-darwin-x64-2.1.210.tgz",
      "integrity": "sha512-IO7TXMAXd9LjPJAKh8oVQQk73nJFhFaqGT6BrmcEXBEG2gUr2Dup8gD7v6RuCklznP0EhNnEXtIKYzPoTYqgEA==",
      "cpu": [
        "x64"
      ],
      "license": "SEE LICENSE IN LICENSE.md",
      "optional": true,
      "os": [
        "darwin"
      ]
    },
    "node_modules/@anthropic-ai/claude-code-linux-arm64": {
      "version": "2.1.210",
      "resolved": "https://registry.npmjs.org/@anthropic-ai/claude-code-linux-arm64/-/claude-code-linux-arm64-2.1.210.tgz",
      "integrity": "sha512-eU6EVzxfey1ceW3qx7zrwWpoh6RnqUbLAFKK//IAqe2RWS3YkO8ABh7rgdWcGUADLAQ5YjTnGrX6VnFufJbZdw==",
      "cpu": [
        "arm64"
      ],
      "libc": [
        "glibc"
      ],
      "license": "SEE LICENSE IN LICENSE.md",
      "optional": true,
      "os": [
        "linux"
      ]
    },
    "node_modules/@anthropic-ai/claude-code-linux-arm64-musl": {
      "version": "2.1.210",
      "resolved": "https://registry.npmjs.org/@anthropic-ai/claude-code-linux-arm64-musl/-/claude-code-linux-arm64-musl-2.1.210.tgz",
      "integrity": "sha512-i3qir+hCzJ83tXDluu2hdJjS3oeAC5KmBALldpRl9d4GPp8G2HIhB/ukcNIXyHvzeRWxH/WsD1iHfl8UOZNzoA==",
      "cpu": [
        "arm64"
      ],
      "libc": [
        "musl"
      ],
      "license": "SEE LICENSE IN LICENSE.md",
      "optional": true,
      "os": [
        "linux"
      ]
    },
    "node_modules/@anthropic-ai/claude-code-linux-x64": {
      "version": "2.1.210",
      "resolved": "https://registry.npmjs.org/@anthropic-ai/claude-code-linux-x64/-/claude-code-linux-x64-2.1.210.tgz",
      "integrity": "sha512-E1vqxgSheADujZtBdz4UsigHjjulesv7FlYC19Jb/5Sq/csT8zlfKpJhST+LNovP4fU9TkK/urq3pE9c7PaDLw==",
      "cpu": [
        "x64"
      ],
      "libc": [
        "glibc"
      ],
      "license": "SEE LICENSE IN LICENSE.md",
      "optional": true,
      "os": [
        "linux"
      ]
    },
    "node_modules/@anthropic-ai/claude-code-linux-x64-musl": {
      "version": "2.1.210",
      "resolved": "https://registry.npmjs.org/@anthropic-ai/claude-code-linux-x64-musl/-/claude-code-linux-x64-musl-2.1.210.tgz",
      "integrity": "sha512-USB+xxSstBLENRZ7aG36zGOO89ZdBIMb6vICQ5N2DOfdHcuGUP3NCS9disDLM0V4ngxKnCmsNpxJ4aNSfEQ2QQ==",
      "cpu": [
        "x64"
      ],
      "libc": [
        "musl"
      ],
      "license": "SEE LICENSE IN LICENSE.md",
      "optional": true,
      "os": [
        "linux"
      ]
    },
    "node_modules/@anthropic-ai/claude-code-win32-arm64": {
      "version": "2.1.210",
      "resolved": "https://registry.npmjs.org/@anthropic-ai/claude-code-win32-arm64/-/claude-code-win32-arm64-2.1.210.tgz",
      "integrity": "sha512-GplS61uagqGR1wmrwu21nTn+UYsBt5TcxeEVJ4Kk601R5COJ5yqNpfwnwdqIaSiD0ufB8UvhE28q96+0NzWSmg==",
      "cpu": [
        "arm64"
      ],
      "license": "SEE LICENSE IN LICENSE.md",
      "optional": true,
      "os": [
        "win32"
      ]
    },
    "node_modules/@anthropic-ai/claude-code-win32-x64": {
      "version": "2.1.210",
      "resolved": "https://registry.npmjs.org/@anthropic-ai/claude-code-win32-x64/-/claude-code-win32-x64-2.1.210.tgz",
      "integrity": "sha512-uV9wkmIJybpvnW7gUIy3Z4dPBkd/VMMRA3msp5Kntf3O/DLOWpwTHYEueOsedzrndsUm7JxFyJuzG7A7cXCk3A==",
      "cpu": [
        "x64"
      ],
      "license": "SEE LICENSE IN LICENSE.md",
      "optional": true,
      "os": [
        "win32"
      ]
    },
    "node_modules/@ccusage/ccusage-darwin-arm64": {
      "version": "20.0.17",
      "resolved": "https://registry.npmjs.org/@ccusage/ccusage-darwin-arm64/-/ccusage-darwin-arm64-20.0.17.tgz",
      "integrity": "sha512-rQTuzovMtfbtBAmEMmC8ABzkd66E+jJI+E+WJ/MbEeRTGS/7cL50BpP0jI87FWTbGoY/ovlSV6gcmFyd+EvzXA==",
      "cpu": [
        "arm64"
      ],
      "license": "MIT",
      "optional": true,
      "os": [
        "darwin"
      ]
    },
    "node_modules/@ccusage/ccusage-darwin-x64": {
      "version": "20.0.17",
      "resolved": "https://registry.npmjs.org/@ccusage/ccusage-darwin-x64/-/ccusage-darwin-x64-20.0.17.tgz",
      "integrity": "sha512-FyNVZ1I7LZpkuIXB/pUE+e7OiUeEKKM1h/3Sq0bfq+zZL2SIGmWLTH5RiANcVFIhlEJYE2J2g32z2wy6zYJ9vQ==",
      "cpu": [
        "x64"
      ],
      "license": "MIT",
      "optional": true,
      "os": [
        "darwin"
      ]
    },
    "node_modules/@ccusage/ccusage-linux-arm64": {
      "version": "20.0.17",
      "resolved": "https://registry.npmjs.org/@ccusage/ccusage-linux-arm64/-/ccusage-linux-arm64-20.0.17.tgz",
      "integrity": "sha512-evdCI+3G6tDoXubPFDQju5KNc+fy2NTjZnUs8nBIwh/oYIdo6LVYlB/Tpvf5lz3WLy8+VPfcc0UuXIjY/X1vkg==",
      "cpu": [
        "arm64"
      ],
      "license": "MIT",
      "optional": true,
      "os": [
        "linux"
      ]
    },
    "node_modules/@ccusage/ccusage-linux-x64": {
      "version": "20.0.17",
      "resolved": "https://registry.npmjs.org/@ccusage/ccusage-linux-x64/-/ccusage-linux-x64-20.0.17.tgz",
      "integrity": "sha512-o9CFzPbRT+WEyhKV6Y0GUdxcxdrRnToBY7qclXMe+doKon4gjzZvAzHXR6qao/ZHdfg6cmLkGvBJx5ZcG/8bEw==",
      "cpu": [
        "x64"
      ],
      "license": "MIT",
      "optional": true,
      "os": [
        "linux"
      ]
    },
    "node_modules/@ccusage/ccusage-win32-arm64": {
      "version": "20.0.17",
      "resolved": "https://registry.npmjs.org/@ccusage/ccusage-win32-arm64/-/ccusage-win32-arm64-20.0.17.tgz",
      "integrity": "sha512-+cucn4UnhXxd3FQElpAu/k0dgAIN+Sh36dBEfymyuaSHKRvkG7QjbEWkuqsnXwjAy2Z0BIM5uq6gZkrhl0c3aA==",
      "cpu": [
        "arm64"
      ],
      "license": "MIT",
      "optional": true,
      "os": [
        "win32"
      ]
    },
    "node_modules/@ccusage/ccusage-win32-x64": {
      "version": "20.0.17",
      "resolved": "https://registry.npmjs.org/@ccusage/ccusage-win32-x64/-/ccusage-win32-x64-20.0.17.tgz",
      "integrity": "sha512-y+rbb5D3lUQwu6kKtRk2yVGZn3Az3+9TipRQAyk9vs+K4hp3TM+ToqciVRAZ3u+tap5VhPSj2bZt4J6gGXg18w==",
      "cpu": [
        "x64"
      ],
      "license": "MIT",
      "optional": true,
      "os": [
        "win32"
      ]
    },
    "node_modules/@ccusage/codex": {
      "version": "19.0.0",
      "resolved": "https://registry.npmjs.org/@ccusage/codex/-/codex-19.0.0.tgz",
      "integrity": "sha512-UwsX56bDDcEKqJDixrVoKZj6U71AYyKExFXeQHlG2D9Esc70X/u3dbFVBh9ON2Ombs1U6LBUIbjGC4nmABDYNQ==",
      "deprecated": "Deprecated in favor of npx ccusage (use ccusage@20)",
      "license": "MIT",
      "bin": {
        "ccusage-codex": "index.js"
      },
      "engines": {
        "node": ">=22.0.0"
      },
      "funding": {
        "url": "https://github.com/ryoppippi/ccusage?sponsor=1"
      }
    },
    "node_modules/@openai/codex": {
      "version": "0.144.4",
      "resolved": "https://registry.npmjs.org/@openai/codex/-/codex-0.144.4.tgz",
      "integrity": "sha512-DTHzYatlKq9dw55E0/HsbK4tRCEKabuJ10ybbqpsG8gVv/kvwEdg3Z4OI3cvLXKa21xkIa4lkGlZoO/HmqmFFw==",
      "license": "Apache-2.0",
      "bin": {
        "codex": "bin/codex.js"
      },
      "engines": {
        "node": ">=16"
      },
      "optionalDependencies": {
        "@openai/codex-darwin-arm64": "npm:@openai/codex@0.144.4-darwin-arm64",
        "@openai/codex-darwin-x64": "npm:@openai/codex@0.144.4-darwin-x64",
        "@openai/codex-linux-arm64": "npm:@openai/codex@0.144.4-linux-arm64",
        "@openai/codex-linux-x64": "npm:@openai/codex@0.144.4-linux-x64",
        "@openai/codex-win32-arm64": "npm:@openai/codex@0.144.4-win32-arm64",
        "@openai/codex-win32-x64": "npm:@openai/codex@0.144.4-win32-x64"
      }
    },
    "node_modules/@openai/codex-darwin-arm64": {
      "name": "@openai/codex",
      "version": "0.144.4-darwin-arm64",
      "resolved": "https://registry.npmjs.org/@openai/codex/-/codex-0.144.4-darwin-arm64.tgz",
      "integrity": "sha512-6J3g498cM2oA7vYIJhpuGJlnIi/M5JdYmjB5BZ1Of5HQ0ziIlplFSvH801oVy9J5TQFp642ODzOu/ZEokDUXsg==",
      "cpu": [
        "arm64"
      ],
      "license": "Apache-2.0",
      "optional": true,
      "os": [
        "darwin"
      ],
      "engines": {
        "node": ">=16"
      }
    },
    "node_modules/@openai/codex-darwin-x64": {
      "name": "@openai/codex",
      "version": "0.144.4-darwin-x64",
      "resolved": "https://registry.npmjs.org/@openai/codex/-/codex-0.144.4-darwin-x64.tgz",
      "integrity": "sha512-k1HC8gdbAy+VmMbekYkhM+r+QE2Xfgd67n1VSp94tjz7aXVKoalHcDkdKNM/uUQ8o2tvbiwhHSUftJF8Sm9/Lw==",
      "cpu": [
        "x64"
      ],
      "license": "Apache-2.0",
      "optional": true,
      "os": [
        "darwin"
      ],
      "engines": {
        "node": ">=16"
      }
    },
    "node_modules/@openai/codex-linux-arm64": {
      "name": "@openai/codex",
      "version": "0.144.4-linux-arm64",
      "resolved": "https://registry.npmjs.org/@openai/codex/-/codex-0.144.4-linux-arm64.tgz",
      "integrity": "sha512-OlKx65579OwIzech9Tt3OUH9+hFZfFrCBP1hL2MudnMIoNr1+cFZjB5YIj5MWMRoBD+K5W3wdBIpQSH855b5Sg==",
      "cpu": [
        "arm64"
      ],
      "license": "Apache-2.0",
      "optional": true,
      "os": [
        "linux"
      ],
      "engines": {
        "node": ">=16"
      }
    },
    "node_modules/@openai/codex-linux-x64": {
      "name": "@openai/codex",
      "version": "0.144.4-linux-x64",
      "resolved": "https://registry.npmjs.org/@openai/codex/-/codex-0.144.4-linux-x64.tgz",
      "integrity": "sha512-2jxrmV6+/7eBNdg5uhhmOEPFu2o28eYY/ClLzWhSBHH8uo3f2KA1z9JQcVtwlbToW03nEPlEzYNYfCF1UBqsVQ==",
      "cpu": [
        "x64"
      ],
      "license": "Apache-2.0",
      "optional": true,
      "os": [
        "linux"
      ],
      "engines": {
        "node": ">=16"
      }
    },
    "node_modules/@openai/codex-win32-arm64": {
      "name": "@openai/codex",
      "version": "0.144.4-win32-arm64",
      "resolved": "https://registry.npmjs.org/@openai/codex/-/codex-0.144.4-win32-arm64.tgz",
      "integrity": "sha512-CCgfI1smFhHZTIpTuBwDJwBr/AR40RTqaFxbBWVabu0RMeYDteRuPiDfdTlktf3C43Y1q10VZXhVGYtCokDg2w==",
      "cpu": [
        "arm64"
      ],
      "license": "Apache-2.0",
      "optional": true,
      "os": [
        "win32"
      ],
      "engines": {
        "node": ">=16"
      }
    },
    "node_modules/@openai/codex-win32-x64": {
      "name": "@openai/codex",
      "version": "0.144.4-win32-x64",
      "resolved": "https://registry.npmjs.org/@openai/codex/-/codex-0.144.4-win32-x64.tgz",
      "integrity": "sha512-iL1ky0ERgdQJOKzom/Ms1fhpwkSmpsA9eVrzAqURFlYGS8z7JqwEgm33+nLGCsY7y25d8Xs/LJ91Oiqz3yXcUg==",
      "cpu": [
        "x64"
      ],
      "license": "Apache-2.0",
      "optional": true,
      "os": [
        "win32"
      ],
      "engines": {
        "node": ">=16"
      }
    },
    "node_modules/ccusage": {
      "version": "20.0.17",
      "resolved": "https://registry.npmjs.org/ccusage/-/ccusage-20.0.17.tgz",
      "integrity": "sha512-MJU4qDs6DOMdam0PXWWFgo0dw/kXAK05rX586DdxIARTzj/zJylWfVlIywgJwW094nNbqwJyGRZvzO2ZsczXDg==",
      "license": "MIT",
      "bin": {
        "ccusage": "src/cli.js"
      },
      "funding": {
        "url": "https://github.com/sponsors/ryoppippi"
      },
      "optionalDependencies": {
        "@ccusage/ccusage-darwin-arm64": "20.0.17",
        "@ccusage/ccusage-darwin-x64": "20.0.17",
        "@ccusage/ccusage-linux-arm64": "20.0.17",
        "@ccusage/ccusage-linux-x64": "20.0.17",
        "@ccusage/ccusage-win32-arm64": "20.0.17",
        "@ccusage/ccusage-win32-x64": "20.0.17"
      }
    }
  }
}
