{
  "name": "docker-ai-cli-agents",
  "version": "0.1.2",
  "lockfileVersion": 3,
  "requires": true,
  "packages": {
    "": {
      "name": "docker-ai-cli-agents",
      "version": "0.1.2",
      "dependencies": {
        "@anthropic-ai/claude-code": "2.1.152",
        "@ccusage/codex": "19.0.0",
        "@openai/codex": "0.134.0",
        "ccusage": "20.0.5"
      }
    },
    "node_modules/@anthropic-ai/claude-code": {
      "version": "2.1.152",
      "resolved": "https://registry.npmjs.org/@anthropic-ai/claude-code/-/claude-code-2.1.152.tgz",
      "integrity": "sha512-pIw2rF+L++yBsrByBTJeA5yKFT/SLT3yXy2aXAPFHiMWJ1n+dV2f+nnkXPa/P8ojOWHEs5H63TNdqlnW9tiJNA==",
      "hasInstallScript": true,
      "license": "SEE LICENSE IN README.md",
      "bin": {
        "claude": "bin/claude.exe"
      },
      "engines": {
        "node": ">=18.0.0"
      },
      "optionalDependencies": {
        "@anthropic-ai/claude-code-darwin-arm64": "2.1.152",
        "@anthropic-ai/claude-code-darwin-x64": "2.1.152",
        "@anthropic-ai/claude-code-linux-arm64": "2.1.152",
        "@anthropic-ai/claude-code-linux-arm64-musl": "2.1.152",
        "@anthropic-ai/claude-code-linux-x64": "2.1.152",
        "@anthropic-ai/claude-code-linux-x64-musl": "2.1.152",
        "@anthropic-ai/claude-code-win32-arm64": "2.1.152",
        "@anthropic-ai/claude-code-win32-x64": "2.1.152"
      }
    },
    "node_modules/@anthropic-ai/claude-code-darwin-arm64": {
      "version": "2.1.152",
      "resolved": "https://registry.npmjs.org/@anthropic-ai/claude-code-darwin-arm64/-/claude-code-darwin-arm64-2.1.152.tgz",
      "integrity": "sha512-xs5jv9N62R9Mtwyhl7GADr+fYxMPvKW0cjTApxahOc/pn2+iw/R8Eh++YWGPLDjsIe1TFox2+cbnWgSnOONRmg==",
      "cpu": [
        "arm64"
      ],
      "license": "SEE LICENSE IN LICENSE.md",
      "optional": true,
      "os": [
        "darwin"
      ]
    },
    "node_modules/@anthropic-ai/claude-code-darwin-x64": {
      "version": "2.1.152",
      "resolved": "https://registry.npmjs.org/@anthropic-ai/claude-code-darwin-x64/-/claude-code-darwin-x64-2.1.152.tgz",
      "integrity": "sha512-wGo+CCjLe1ijhwSiuIa4kXf/xGw6nGddM0ufpV3HoJsUfrwn/ASEMykXTh/7sWQ4FJodVYTKgdGEq+GvMDRkzg==",
      "cpu": [
        "x64"
      ],
      "license": "SEE LICENSE IN LICENSE.md",
      "optional": true,
      "os": [
        "darwin"
      ]
    },
    "node_modules/@anthropic-ai/claude-code-linux-arm64": {
      "version": "2.1.152",
      "resolved": "https://registry.npmjs.org/@anthropic-ai/claude-code-linux-arm64/-/claude-code-linux-arm64-2.1.152.tgz",
      "integrity": "sha512-VXwtyzerTqZC9NNcyFLPrluDtN9fJFpsbaBssKzAeMiV1P1woVKeBGUXcvX6iCLFEcRuQEQNVyd6dycZ/4Zt8A==",
      "cpu": [
        "arm64"
      ],
      "license": "SEE LICENSE IN LICENSE.md",
      "optional": true,
      "os": [
        "linux"
      ]
    },
    "node_modules/@anthropic-ai/claude-code-linux-arm64-musl": {
      "version": "2.1.152",
      "resolved": "https://registry.npmjs.org/@anthropic-ai/claude-code-linux-arm64-musl/-/claude-code-linux-arm64-musl-2.1.152.tgz",
      "integrity": "sha512-tGxIDFCMiyDOYrCQooQbTNuyJulFN4RL8wYeVyrKjYbmToyoYre6C6a4ljy57vUezmBfA1Ul4cuoj1iPb0IHCw==",
      "cpu": [
        "arm64"
      ],
      "license": "SEE LICENSE IN LICENSE.md",
      "optional": true,
      "os": [
        "linux"
      ]
    },
    "node_modules/@anthropic-ai/claude-code-linux-x64": {
      "version": "2.1.152",
      "resolved": "https://registry.npmjs.org/@anthropic-ai/claude-code-linux-x64/-/claude-code-linux-x64-2.1.152.tgz",
      "integrity": "sha512-TOGJ6lM1ZBWoiVg1lxdPK8cPFuz8T0oPERVQoiS/WJkejYcNHGsNVj/XpZhYoXI6uhhMuDsVVVbBBuKtGB34oQ==",
      "cpu": [
        "x64"
      ],
      "license": "SEE LICENSE IN LICENSE.md",
      "optional": true,
      "os": [
        "linux"
      ]
    },
    "node_modules/@anthropic-ai/claude-code-linux-x64-musl": {
      "version": "2.1.152",
      "resolved": "https://registry.npmjs.org/@anthropic-ai/claude-code-linux-x64-musl/-/claude-code-linux-x64-musl-2.1.152.tgz",
      "integrity": "sha512-14O8q3zDm1QMmOlMiPwrw1Hru2M2t0V7a0v63ROYWY2rlHw/a7rDY/wgr2GsydAf2dY5KpKt8mBTHebNK91akg==",
      "cpu": [
        "x64"
      ],
      "license": "SEE LICENSE IN LICENSE.md",
      "optional": true,
      "os": [
        "linux"
      ]
    },
    "node_modules/@anthropic-ai/claude-code-win32-arm64": {
      "version": "2.1.152",
      "resolved": "https://registry.npmjs.org/@anthropic-ai/claude-code-win32-arm64/-/claude-code-win32-arm64-2.1.152.tgz",
      "integrity": "sha512-KMZVqluVrxMJnTsm+rjywnd9cI7vzw3DIixThXvKv/ePF4SVg4mPBx/7C64McRbE7IuXPpgzcf6PDMSMZjh7Nw==",
      "cpu": [
        "arm64"
      ],
      "license": "SEE LICENSE IN LICENSE.md",
      "optional": true,
      "os": [
        "win32"
      ]
    },
    "node_modules/@anthropic-ai/claude-code-win32-x64": {
      "version": "2.1.152",
      "resolved": "https://registry.npmjs.org/@anthropic-ai/claude-code-win32-x64/-/claude-code-win32-x64-2.1.152.tgz",
      "integrity": "sha512-97SuCn99ctCA/tMPt255DQVUfJQkdwT6ynaaFXoc2GVLI/9Geq79PuunN/ZAEni+66q6S7dYDajVa0bYhGwXcw==",
      "cpu": [
        "x64"
      ],
      "license": "SEE LICENSE IN LICENSE.md",
      "optional": true,
      "os": [
        "win32"
      ]
    },
    "node_modules/@ccusage/ccusage-darwin-arm64": {
      "version": "20.0.5",
      "resolved": "https://registry.npmjs.org/@ccusage/ccusage-darwin-arm64/-/ccusage-darwin-arm64-20.0.5.tgz",
      "integrity": "sha512-SQ6Yae2KENixdY9d8RtnsFcETCvHUn2u3+HswK+4WqAE7JLj2hXmngjOWCNeJisLKCHFQSEwg54+B2GePue9FA==",
      "cpu": [
        "arm64"
      ],
      "license": "MIT",
      "optional": true,
      "os": [
        "darwin"
      ]
    },
    "node_modules/@ccusage/ccusage-darwin-x64": {
      "version": "20.0.5",
      "resolved": "https://registry.npmjs.org/@ccusage/ccusage-darwin-x64/-/ccusage-darwin-x64-20.0.5.tgz",
      "integrity": "sha512-Qu0y2bkwRVeZ8OOom80ekRzsTmOiwUjLuiSEuZBgNzKLdMxaNSPakVhpQoQua+6v8tcnGbMRaEOivK4RxxVJNg==",
      "cpu": [
        "x64"
      ],
      "license": "MIT",
      "optional": true,
      "os": [
        "darwin"
      ]
    },
    "node_modules/@ccusage/ccusage-linux-arm64": {
      "version": "20.0.5",
      "resolved": "https://registry.npmjs.org/@ccusage/ccusage-linux-arm64/-/ccusage-linux-arm64-20.0.5.tgz",
      "integrity": "sha512-gpTnF+v2a2TfeEMXDwG7YnuBwFyv8OixMcZExK19gNF+KCpgIkmVR5Qej7nV82YWG1RbdAPg6ZZPD7a43LpH3Q==",
      "cpu": [
        "arm64"
      ],
      "license": "MIT",
      "optional": true,
      "os": [
        "linux"
      ]
    },
    "node_modules/@ccusage/ccusage-linux-x64": {
      "version": "20.0.5",
      "resolved": "https://registry.npmjs.org/@ccusage/ccusage-linux-x64/-/ccusage-linux-x64-20.0.5.tgz",
      "integrity": "sha512-5FcK4Wy7cCmWf1ibDKJAWKGWrG+pHduSJWSxRtGGAV4Li1RPBJ67Ql2Abzqug7HBprEx9wEB9s/o/7ggxzJY/w==",
      "cpu": [
        "x64"
      ],
      "license": "MIT",
      "optional": true,
      "os": [
        "linux"
      ]
    },
    "node_modules/@ccusage/ccusage-win32-arm64": {
      "version": "20.0.5",
      "resolved": "https://registry.npmjs.org/@ccusage/ccusage-win32-arm64/-/ccusage-win32-arm64-20.0.5.tgz",
      "integrity": "sha512-bGtrNVQ1oIfGeN1FdmNmu58hpehzPgTqsi8nivcLGnZgZrflfoDIUg1bC0tDQqBUIcIcKTAnvrJuTyn2pTARfg==",
      "cpu": [
        "arm64"
      ],
      "license": "MIT",
      "optional": true,
      "os": [
        "win32"
      ]
    },
    "node_modules/@ccusage/ccusage-win32-x64": {
      "version": "20.0.5",
      "resolved": "https://registry.npmjs.org/@ccusage/ccusage-win32-x64/-/ccusage-win32-x64-20.0.5.tgz",
      "integrity": "sha512-ZZG19JAXaAd087QGZNK6XD/etnULbhK29KVZ01kh8Pr8rHJl2s1BHjSxg36YiPbcYXpSqeo3x1TfqybOheYSTQ==",
      "cpu": [
        "x64"
      ],
      "license": "MIT",
      "optional": true,
      "os": [
        "win32"
      ]
    },
    "node_modules/@ccusage/codex": {
      "version": "19.0.0",
      "resolved": "https://registry.npmjs.org/@ccusage/codex/-/codex-19.0.0.tgz",
      "integrity": "sha512-UwsX56bDDcEKqJDixrVoKZj6U71AYyKExFXeQHlG2D9Esc70X/u3dbFVBh9ON2Ombs1U6LBUIbjGC4nmABDYNQ==",
      "deprecated": "Deprecated in favor of npx ccusage (use ccusage@20)",
      "license": "MIT",
      "bin": {
        "ccusage-codex": "index.js"
      },
      "engines": {
        "node": ">=22.0.0"
      },
      "funding": {
        "url": "https://github.com/ryoppippi/ccusage?sponsor=1"
      }
    },
    "node_modules/@openai/codex": {
      "version": "0.134.0",
      "resolved": "https://registry.npmjs.org/@openai/codex/-/codex-0.134.0.tgz",
      "integrity": "sha512-N0vmdTXl/rglZjgd3PaMe9oRrqjO6zZ//uAvUhCDRnJNAUT3LrpYvCK3y9B/ev7QcChfXR43IGUh3ssqWRvMmA==",
      "license": "Apache-2.0",
      "bin": {
        "codex": "bin/codex.js"
      },
      "engines": {
        "node": ">=16"
      },
      "optionalDependencies": {
        "@openai/codex-darwin-arm64": "npm:@openai/codex@0.134.0-darwin-arm64",
        "@openai/codex-darwin-x64": "npm:@openai/codex@0.134.0-darwin-x64",
        "@openai/codex-linux-arm64": "npm:@openai/codex@0.134.0-linux-arm64",
        "@openai/codex-linux-x64": "npm:@openai/codex@0.134.0-linux-x64",
        "@openai/codex-win32-arm64": "npm:@openai/codex@0.134.0-win32-arm64",
        "@openai/codex-win32-x64": "npm:@openai/codex@0.134.0-win32-x64"
      }
    },
    "node_modules/@openai/codex-darwin-arm64": {
      "name": "@openai/codex",
      "version": "0.134.0-darwin-arm64",
      "resolved": "https://registry.npmjs.org/@openai/codex/-/codex-0.134.0-darwin-arm64.tgz",
      "integrity": "sha512-pOxwQjb1HHtY6KG66+g/rX7uP4yBvchfCrQw22ddYy64s7fJqnD6UV/Ur60j6MWXt71jcaWLEkV1pJthQy9CFQ==",
      "cpu": [
        "arm64"
      ],
      "license": "Apache-2.0",
      "optional": true,
      "os": [
        "darwin"
      ],
      "engines": {
        "node": ">=16"
      }
    },
    "node_modules/@openai/codex-darwin-x64": {
      "name": "@openai/codex",
      "version": "0.134.0-darwin-x64",
      "resolved": "https://registry.npmjs.org/@openai/codex/-/codex-0.134.0-darwin-x64.tgz",
      "integrity": "sha512-XjRtq8PB9dtpxQ5QU6TrzR/z8EVlLLk55oonsyRp3VkMOsKjJWXvLxAnmzUm1MuVZqz90Ua7CJbr+8BG+ZUWpA==",
      "cpu": [
        "x64"
      ],
      "license": "Apache-2.0",
      "optional": true,
      "os": [
        "darwin"
      ],
      "engines": {
        "node": ">=16"
      }
    },
    "node_modules/@openai/codex-linux-arm64": {
      "name": "@openai/codex",
      "version": "0.134.0-linux-arm64",
      "resolved": "https://registry.npmjs.org/@openai/codex/-/codex-0.134.0-linux-arm64.tgz",
      "integrity": "sha512-fqI8iClQGvrANFx/dJwZK8KNQlqlQKo7A/UB5G7IaeTAAJ+y/CG2R33Bbd9GboH/8ormY39ureNk27eqt++51g==",
      "cpu": [
        "arm64"
      ],
      "license": "Apache-2.0",
      "optional": true,
      "os": [
        "linux"
      ],
      "engines": {
        "node": ">=16"
      }
    },
    "node_modules/@openai/codex-linux-x64": {
      "name": "@openai/codex",
      "version": "0.134.0-linux-x64",
      "resolved": "https://registry.npmjs.org/@openai/codex/-/codex-0.134.0-linux-x64.tgz",
      "integrity": "sha512-d/o1AVAniQU2oSEq7ZV0hVwzmk6Dj2IWeNPLnX/KXyv1DfIMJbY+qEg/xhfRmuVW4VPhrhQLBITwrkAYviy1MA==",
      "cpu": [
        "x64"
      ],
      "license": "Apache-2.0",
      "optional": true,
      "os": [
        "linux"
      ],
      "engines": {
        "node": ">=16"
      }
    },
    "node_modules/@openai/codex-win32-arm64": {
      "name": "@openai/codex",
      "version": "0.134.0-win32-arm64",
      "resolved": "https://registry.npmjs.org/@openai/codex/-/codex-0.134.0-win32-arm64.tgz",
      "integrity": "sha512-8OdRmbCcyLLMF3Bg6945PW6INZ7bZVygYo2lusnC0Q2KZ3MRYrMnXRJ6mfvkDc8kPpFE+djMFnQ70gt/jBLVCA==",
      "cpu": [
        "arm64"
      ],
      "license": "Apache-2.0",
      "optional": true,
      "os": [
        "win32"
      ],
      "engines": {
        "node": ">=16"
      }
    },
    "node_modules/@openai/codex-win32-x64": {
      "name": "@openai/codex",
      "version": "0.134.0-win32-x64",
      "resolved": "https://registry.npmjs.org/@openai/codex/-/codex-0.134.0-win32-x64.tgz",
      "integrity": "sha512-hW1omBcN1jKeVUVnTqWlpc42nF2qAwCEN6l1IFeKFJegYoZ39YrE7pdh56gAmaZTyT5Eexx7cgNpaEK3JElxvA==",
      "cpu": [
        "x64"
      ],
      "license": "Apache-2.0",
      "optional": true,
      "os": [
        "win32"
      ],
      "engines": {
        "node": ">=16"
      }
    },
    "node_modules/ccusage": {
      "version": "20.0.5",
      "resolved": "https://registry.npmjs.org/ccusage/-/ccusage-20.0.5.tgz",
      "integrity": "sha512-d95NMuk4MmmMcnOFvtLUGQx7bJvMOhE3Chdpfvv48+4v1URL7tVCWcn0F/FlaUXx5zv+Uw5/rNe40pSDihauKQ==",
      "license": "MIT",
      "bin": {
        "ccusage": "dist/cli.js"
      },
      "funding": {
        "url": "https://github.com/ryoppippi/ccusage?sponsor=1"
      },
      "optionalDependencies": {
        "@ccusage/ccusage-darwin-arm64": "20.0.5",
        "@ccusage/ccusage-darwin-x64": "20.0.5",
        "@ccusage/ccusage-linux-arm64": "20.0.5",
        "@ccusage/ccusage-linux-x64": "20.0.5",
        "@ccusage/ccusage-win32-arm64": "20.0.5",
        "@ccusage/ccusage-win32-x64": "20.0.5"
      }
    }
  }
}
