{
  "name": "docker-ai-cli-agents",
  "version": "0.1.2",
  "lockfileVersion": 3,
  "requires": true,
  "packages": {
    "": {
      "name": "docker-ai-cli-agents",
      "version": "0.1.2",
      "dependencies": {
        "@anthropic-ai/claude-code": "2.1.289",
        "@ccusage/codex": "19.0.0",
        "@openai/codex": "0.160.0",
        "ccusage": "20.0.26"
      }
    },
    "node_modules/@anthropic-ai/claude-code": {
      "version": "2.1.289",
      "resolved": "https://registry.npmjs.org/@anthropic-ai/claude-code/-/claude-code-2.1.289.tgz",
      "integrity": "sha512-RQWjAlalf9aomgI3JaXDCdFPvmNVnRdjwMtYk5L+Lw1NWxCxbhY5T9F+w1xukqvJh/I2rR2+3hICZxhk0al1nA==",
      "hasInstallScript": true,
      "license": "SEE LICENSE IN README.md",
      "bin": {
        "claude": "bin/claude.exe"
      },
      "engines": {
        "node": ">=22.0.0"
      },
      "optionalDependencies": {
        "@anthropic-ai/claude-code-darwin-arm64": "2.1.289",
        "@anthropic-ai/claude-code-darwin-x64": "2.1.289",
        "@anthropic-ai/claude-code-linux-arm64": "2.1.289",
        "@anthropic-ai/claude-code-linux-arm64-musl": "2.1.289",
        "@anthropic-ai/claude-code-linux-x64": "2.1.289",
        "@anthropic-ai/claude-code-linux-x64-musl": "2.1.289",
        "@anthropic-ai/claude-code-win32-arm64": "2.1.289",
        "@anthropic-ai/claude-code-win32-x64": "2.1.289"
      }
    },
    "node_modules/@anthropic-ai/claude-code-darwin-arm64": {
      "version": "2.1.289",
      "resolved": "https://registry.npmjs.org/@anthropic-ai/claude-code-darwin-arm64/-/claude-code-darwin-arm64-2.1.289.tgz",
      "integrity": "sha512-jhZQ4BdBt2E9oiHdgpwu/HIgRDlyUazDfXIbIerUFDAPcb6c7Tl1QtMvLz3KxXkZXigYv0q4U6xSHHd78TQdHA==",
      "cpu": [
        "arm64"
      ],
      "license": "SEE LICENSE IN LICENSE.md",
      "optional": true,
      "os": [
        "darwin"
      ]
    },
    "node_modules/@anthropic-ai/claude-code-darwin-x64": {
      "version": "2.1.289",
      "resolved": "https://registry.npmjs.org/@anthropic-ai/claude-code-darwin-x64/-/claude-code-darwin-x64-2.1.289.tgz",
      "integrity": "sha512-KErKulmExUbnAqXDz75FGfph+fslAHL0UqIW9rYlGwNFlPJAP5UTXIKcKp6Jh1bgVQjdJJEqg79kUjuriVUDDw==",
      "cpu": [
        "x64"
      ],
      "license": "SEE LICENSE IN LICENSE.md",
      "optional": true,
      "os": [
        "darwin"
      ]
    },
    "node_modules/@anthropic-ai/claude-code-linux-arm64": {
      "version": "2.1.289",
      "resolved": "https://registry.npmjs.org/@anthropic-ai/claude-code-linux-arm64/-/claude-code-linux-arm64-2.1.289.tgz",
      "integrity": "sha512-kzZKgmlPjtxeCl3jR4eO+BVwy4hJq/pApB2vWFgrjAGR1jOphhS6GJaU1XjZYGbJITSoeaWxHnD1xQ2EWVZLHw==",
      "cpu": [
        "arm64"
      ],
      "libc": [
        "glibc"
      ],
      "license": "SEE LICENSE IN LICENSE.md",
      "optional": true,
      "os": [
        "linux"
      ]
    },
    "node_modules/@anthropic-ai/claude-code-linux-arm64-musl": {
      "version": "2.1.289",
      "resolved": "https://registry.npmjs.org/@anthropic-ai/claude-code-linux-arm64-musl/-/claude-code-linux-arm64-musl-2.1.289.tgz",
      "integrity": "sha512-PGtu78PDsTKoPrbpbsM6JiG0ksdiQBFGNaMAS8h/FUUwdhxsL6D35UHDH0sj4izmcYFMV/akwHI2emiZiBJk/w==",
      "cpu": [
        "arm64"
      ],
      "libc": [
        "musl"
      ],
      "license": "SEE LICENSE IN LICENSE.md",
      "optional": true,
      "os": [
        "linux"
      ]
    },
    "node_modules/@anthropic-ai/claude-code-linux-x64": {
      "version": "2.1.289",
      "resolved": "https://registry.npmjs.org/@anthropic-ai/claude-code-linux-x64/-/claude-code-linux-x64-2.1.289.tgz",
      "integrity": "sha512-I23SaSYE8vSwFbJ+Tc0mRlzvJmRQNaiyBUXK/K5R6BVr2lOoCdMI2SJR4N6xiVYy6yyIt39JNiyvPHoiOymyyw==",
      "cpu": [
        "x64"
      ],
      "libc": [
        "glibc"
      ],
      "license": "SEE LICENSE IN LICENSE.md",
      "optional": true,
      "os": [
        "linux"
      ]
    },
    "node_modules/@anthropic-ai/claude-code-linux-x64-musl": {
      "version": "2.1.289",
      "resolved": "https://registry.npmjs.org/@anthropic-ai/claude-code-linux-x64-musl/-/claude-code-linux-x64-musl-2.1.289.tgz",
      "integrity": "sha512-6Bs+1r/MePebevlvWAFia4VTUhT+SeM5kFjhzqYtjp/NOKnZep3xZG53oYkT659D7Lmh9P+hnThTDLaUjUXOIw==",
      "cpu": [
        "x64"
      ],
      "libc": [
        "musl"
      ],
      "license": "SEE LICENSE IN LICENSE.md",
      "optional": true,
      "os": [
        "linux"
      ]
    },
    "node_modules/@anthropic-ai/claude-code-win32-arm64": {
      "version": "2.1.289",
      "resolved": "https://registry.npmjs.org/@anthropic-ai/claude-code-win32-arm64/-/claude-code-win32-arm64-2.1.289.tgz",
      "integrity": "sha512-dMKH0j/Zm2q5L71rVXx4NaWWlK5iUOCmN12XgwrIx7EjYhvpgVDLdNHm9yohxb3I0Cb4iaujR/EBb75FuLbIGQ==",
      "cpu": [
        "arm64"
      ],
      "license": "SEE LICENSE IN LICENSE.md",
      "optional": true,
      "os": [
        "win32"
      ]
    },
    "node_modules/@anthropic-ai/claude-code-win32-x64": {
      "version": "2.1.289",
      "resolved": "https://registry.npmjs.org/@anthropic-ai/claude-code-win32-x64/-/claude-code-win32-x64-2.1.289.tgz",
      "integrity": "sha512-t6PwcRoMIeuNPbnkf9bFxdUv3xBgUSnk1yRU3r8b5CjovwzV1zUY/talE4rgGAvcTwmndirtWOny/3LPf6Ju+w==",
      "cpu": [
        "x64"
      ],
      "license": "SEE LICENSE IN LICENSE.md",
      "optional": true,
      "os": [
        "win32"
      ]
    },
    "node_modules/@ccusage/ccusage-darwin-arm64": {
      "version": "20.0.26",
      "resolved": "https://registry.npmjs.org/@ccusage/ccusage-darwin-arm64/-/ccusage-darwin-arm64-20.0.26.tgz",
      "integrity": "sha512-wc2Ed0elPARpRyfQkSrSXuX136yDEGOLkMqxQA/3gdNm+/hxgAN4fKeZsawFKelofLoCvWIy+QkUbSJ71BwNxw==",
      "cpu": [
        "arm64"
      ],
      "license": "MIT",
      "optional": true,
      "os": [
        "darwin"
      ]
    },
    "node_modules/@ccusage/ccusage-darwin-x64": {
      "version": "20.0.26",
      "resolved": "https://registry.npmjs.org/@ccusage/ccusage-darwin-x64/-/ccusage-darwin-x64-20.0.26.tgz",
      "integrity": "sha512-nka8clxB50Z1k+wcKTzV4oNpxin5z+9NmDqeF3VGk67s3occehKGDLFWeRsmDZERRC4uFzOc6GaqFt1bYLQjBw==",
      "cpu": [
        "x64"
      ],
      "license": "MIT",
      "optional": true,
      "os": [
        "darwin"
      ]
    },
    "node_modules/@ccusage/ccusage-linux-arm64": {
      "version": "20.0.26",
      "resolved": "https://registry.npmjs.org/@ccusage/ccusage-linux-arm64/-/ccusage-linux-arm64-20.0.26.tgz",
      "integrity": "sha512-R8/gdX+XNYVxH6ZPq3RtBJt8TU23BFMLaHXwgF+ZYZyi8qbHwofrQemgZflB2cKWYgz3ejXuS2U2ggqzqNW8rw==",
      "cpu": [
        "arm64"
      ],
      "license": "MIT",
      "optional": true,
      "os": [
        "linux"
      ]
    },
    "node_modules/@ccusage/ccusage-linux-x64": {
      "version": "20.0.26",
      "resolved": "https://registry.npmjs.org/@ccusage/ccusage-linux-x64/-/ccusage-linux-x64-20.0.26.tgz",
      "integrity": "sha512-46wa7ImMzejMUuo5pSI2uYml7jgE58TID2/QQS9YJO3BwI6woyti6cy3xtZk+TyG1HiyzeH8P+3r8hSVDaAvsg==",
      "cpu": [
        "x64"
      ],
      "license": "MIT",
      "optional": true,
      "os": [
        "linux"
      ]
    },
    "node_modules/@ccusage/ccusage-win32-arm64": {
      "version": "20.0.26",
      "resolved": "https://registry.npmjs.org/@ccusage/ccusage-win32-arm64/-/ccusage-win32-arm64-20.0.26.tgz",
      "integrity": "sha512-b8NhotspDebbi2Pm0YEnWgD7v0XDw362fpmFhkXMyCytSnjyRPLwYAvSNRsQv1Y3YLKoxNMZjYeD7uea2+rlMw==",
      "cpu": [
        "arm64"
      ],
      "license": "MIT",
      "optional": true,
      "os": [
        "win32"
      ]
    },
    "node_modules/@ccusage/ccusage-win32-x64": {
      "version": "20.0.26",
      "resolved": "https://registry.npmjs.org/@ccusage/ccusage-win32-x64/-/ccusage-win32-x64-20.0.26.tgz",
      "integrity": "sha512-YMmtsZn4QNDwjglTKI3dvIZIyfqNQjoMPvJRpt6EVcfNzP7z8+OdxYp6Vd8Zj1ZwjHkLKqQGLQnV9fLnt5n/2A==",
      "cpu": [
        "x64"
      ],
      "license": "MIT",
      "optional": true,
      "os": [
        "win32"
      ]
    },
    "node_modules/@ccusage/codex": {
      "version": "19.0.0",
      "resolved": "https://registry.npmjs.org/@ccusage/codex/-/codex-19.0.0.tgz",
      "integrity": "sha512-UwsX56bDDcEKqJDixrVoKZj6U71AYyKExFXeQHlG2D9Esc70X/u3dbFVBh9ON2Ombs1U6LBUIbjGC4nmABDYNQ==",
      "deprecated": "Deprecated in favor of npx ccusage (use ccusage@20)",
      "license": "MIT",
      "bin": {
        "ccusage-codex": "index.js"
      },
      "engines": {
        "node": ">=22.0.0"
      },
      "funding": {
        "url": "https://github.com/ryoppippi/ccusage?sponsor=1"
      }
    },
    "node_modules/@openai/codex": {
      "version": "0.160.0",
      "resolved": "https://registry.npmjs.org/@openai/codex/-/codex-0.160.0.tgz",
      "integrity": "sha512-kEtVGzjRAYAMOwJxN39bGcna7LT3IDQgq64NNJ/dDTfu4OzZaocJcyNb5/gGJ/IVF/Vj7oK7E2m3nmTan7lpjg==",
      "license": "Apache-2.0",
      "bin": {
        "codex": "bin/codex.js"
      },
      "engines": {
        "node": ">=16"
      },
      "optionalDependencies": {
        "@openai/codex-darwin-arm64": "npm:@openai/codex@0.160.0-darwin-arm64",
        "@openai/codex-darwin-x64": "npm:@openai/codex@0.160.0-darwin-x64",
        "@openai/codex-linux-arm64": "npm:@openai/codex@0.160.0-linux-arm64",
        "@openai/codex-linux-x64": "npm:@openai/codex@0.160.0-linux-x64",
        "@openai/codex-win32-arm64": "npm:@openai/codex@0.160.0-win32-arm64",
        "@openai/codex-win32-x64": "npm:@openai/codex@0.160.0-win32-x64"
      }
    },
    "node_modules/@openai/codex-darwin-arm64": {
      "name": "@openai/codex",
      "version": "0.160.0-darwin-arm64",
      "resolved": "https://registry.npmjs.org/@openai/codex/-/codex-0.160.0-darwin-arm64.tgz",
      "integrity": "sha512-aefV6cqZA2REZgR//4McyXlp7zLcTti4CI2v3j9IVgNndPBv2kCeNEcz07qeelXcwOdSFPUKb6roA48vZmDgrQ==",
      "cpu": [
        "arm64"
      ],
      "license": "Apache-2.0",
      "optional": true,
      "os": [
        "darwin"
      ],
      "engines": {
        "node": ">=16"
      }
    },
    "node_modules/@openai/codex-darwin-x64": {
      "name": "@openai/codex",
      "version": "0.160.0-darwin-x64",
      "resolved": "https://registry.npmjs.org/@openai/codex/-/codex-0.160.0-darwin-x64.tgz",
      "integrity": "sha512-ir7cdsPrb9VkqNqpTECoTiomv04xws/FQ968mHQzuL+2J5Da0Dkh2Qlxp7sguDDZJab4YpYmNjQvBVMXbTeQaQ==",
      "cpu": [
        "x64"
      ],
      "license": "Apache-2.0",
      "optional": true,
      "os": [
        "darwin"
      ],
      "engines": {
        "node": ">=16"
      }
    },
    "node_modules/@openai/codex-linux-arm64": {
      "name": "@openai/codex",
      "version": "0.160.0-linux-arm64",
      "resolved": "https://registry.npmjs.org/@openai/codex/-/codex-0.160.0-linux-arm64.tgz",
      "integrity": "sha512-VnVdsS06YlDsL8OwaJjQ3xdqdJNG4i+eBJBV3LytddknzSaF/urijLzVg3ptkwvoj8C7Gn7iWpVE+y8WEaPiCg==",
      "cpu": [
        "arm64"
      ],
      "license": "Apache-2.0",
      "optional": true,
      "os": [
        "linux"
      ],
      "engines": {
        "node": ">=16"
      }
    },
    "node_modules/@openai/codex-linux-x64": {
      "name": "@openai/codex",
      "version": "0.160.0-linux-x64",
      "resolved": "https://registry.npmjs.org/@openai/codex/-/codex-0.160.0-linux-x64.tgz",
      "integrity": "sha512-KI/73OqGrHmR18s7ya7E1NqV6rT0y3lxr0s8S1qR2m6zU6QRF/HlR529jALLh5vjdUnsRT4Ahoxt0axb4kY99g==",
      "cpu": [
        "x64"
      ],
      "license": "Apache-2.0",
      "optional": true,
      "os": [
        "linux"
      ],
      "engines": {
        "node": ">=16"
      }
    },
    "node_modules/@openai/codex-win32-arm64": {
      "name": "@openai/codex",
      "version": "0.160.0-win32-arm64",
      "resolved": "https://registry.npmjs.org/@openai/codex/-/codex-0.160.0-win32-arm64.tgz",
      "integrity": "sha512-tTvK9ZIGuj9WnYaYOAnfjJVSfPV7dKqWtDHqUPLf0Hadp6SgynTxx7S7iMXRieFeXVOI2XH76KxEHSOTOnz3zw==",
      "cpu": [
        "arm64"
      ],
      "license": "Apache-2.0",
      "optional": true,
      "os": [
        "win32"
      ],
      "engines": {
        "node": ">=16"
      }
    },
    "node_modules/@openai/codex-win32-x64": {
      "name": "@openai/codex",
      "version": "0.160.0-win32-x64",
      "resolved": "https://registry.npmjs.org/@openai/codex/-/codex-0.160.0-win32-x64.tgz",
      "integrity": "sha512-/gCFcuOmGlQkgGivWCtY8BNEDixh70Pue0HZOk9S8bj2vUIE1GLD9zcNB/KqqDJmn0S+lIttauLpzQnw6HOCHA==",
      "cpu": [
        "x64"
      ],
      "license": "Apache-2.0",
      "optional": true,
      "os": [
        "win32"
      ],
      "engines": {
        "node": ">=16"
      }
    },
    "node_modules/ccusage": {
      "version": "20.0.26",
      "resolved": "https://registry.npmjs.org/ccusage/-/ccusage-20.0.26.tgz",
      "integrity": "sha512-46TTmFKcuNyWbtqj8HZqWTmVQIsApvGO4xP+E2VL5NC/oMjdtHOv9svVTsHX1WQgetbNOV4GdvQGHLG22vXZgg==",
      "license": "MIT",
      "bin": {
        "ccusage": "src/cli.js"
      },
      "funding": {
        "url": "https://github.com/sponsors/ryoppippi"
      },
      "optionalDependencies": {
        "@ccusage/ccusage-darwin-arm64": "20.0.26",
        "@ccusage/ccusage-darwin-x64": "20.0.26",
        "@ccusage/ccusage-linux-arm64": "20.0.26",
        "@ccusage/ccusage-linux-x64": "20.0.26",
        "@ccusage/ccusage-win32-arm64": "20.0.26",
        "@ccusage/ccusage-win32-x64": "20.0.26"
      }
    }
  }
}
